
Microsoft Visual Studio Solution File, Format Version 12.00
# Visual Studio 15
VisualStudioVersion = 15.0.26020.0
MinimumVisualStudioVersion = 10.0.40219.1
Project("{FAE04EC0-301F-11D3-BF4B-00C04F79EFBC}") = "MiniPie", "MiniPie\MiniPie.csproj", "{2D02C8B6-4A11-493F-8DF5-8441618A002F}"
EndProject
Project("{FAE04EC0-301F-11D3-BF4B-00C04F79EFBC}") = "MiniPie.Core", "MiniPie.Core\MiniPie.Core.csproj", "{83442CC4-42E0-4A4B-8BB7-E913B0DCE77C}"
EndProject
Project("{FAE04EC0-301F-11D3-BF4B-00C04F79EFBC}") = "MiniPie.Tests", "MiniPie.Tests\MiniPie.Tests.csproj", "{F77FBCEE-0956-4794-99B5-E66811BA0AC5}"
EndProject
Project("{2150E333-8FDC-42A3-9474-1A3956D46DE8}") = "Solution Items", "Solution Items", "{F74BF7DE-DDED-4A28-BEB7-3873744AD7D6}"
	ProjectSection(SolutionItems) = preProject
		MiniPie.proj = MiniPie.proj
	EndProjectSection
EndProject
Global
	GlobalSection(SolutionConfigurationPlatforms) = preSolution
		Debug|x86 = Debug|x86
		Release|x86 = Release|x86
	EndGlobalSection
	GlobalSection(ProjectConfigurationPlatforms) = postSolution
		{2D02C8B6-4A11-493F-8DF5-8441618A002F}.Debug|x86.ActiveCfg = Debug|x86
		{2D02C8B6-4A11-493F-8DF5-8441618A002F}.Debug|x86.Build.0 = Debug|x86
		{2D02C8B6-4A11-493F-8DF5-8441618A002F}.Release|x86.ActiveCfg = Release|x86
		{2D02C8B6-4A11-493F-8DF5-8441618A002F}.Release|x86.Build.0 = Release|x86
		{83442CC4-42E0-4A4B-8BB7-E913B0DCE77C}.Debug|x86.ActiveCfg = Debug|Any CPU
		{83442CC4-42E0-4A4B-8BB7-E913B0DCE77C}.Debug|x86.Build.0 = Debug|Any CPU
		{83442CC4-42E0-4A4B-8BB7-E913B0DCE77C}.Release|x86.ActiveCfg = Release|Any CPU
		{83442CC4-42E0-4A4B-8BB7-E913B0DCE77C}.Release|x86.Build.0 = Release|Any CPU
		{F77FBCEE-0956-4794-99B5-E66811BA0AC5}.Debug|x86.ActiveCfg = Debug|x86
		{F77FBCEE-0956-4794-99B5-E66811BA0AC5}.Debug|x86.Build.0 = Debug|x86
		{F77FBCEE-0956-4794-99B5-E66811BA0AC5}.Release|x86.ActiveCfg = Release|x86
		{F77FBCEE-0956-4794-99B5-E66811BA0AC5}.Release|x86.Build.0 = Release|x86
	EndGlobalSection
	GlobalSection(SolutionProperties) = preSolution
		HideSolutionNode = FALSE
	EndGlobalSection
EndGlobal
