
Microsoft Visual Studio Solution File, Format Version 12.00
# Visual Studio 15
VisualStudioVersion = 15.0.26730.12
MinimumVisualStudioVersion = 10.0.40219.1
Project("{FAE04EC0-301F-11D3-BF4B-00C04F79EFBC}") = "MiniPie", "MiniPie\MiniPie.csproj", "{2D02C8B6-4A11-493F-8DF5-8441618A002F}"
EndProject
Project("{FAE04EC0-301F-11D3-BF4B-00C04F79EFBC}") = "MiniPie.Core", "MiniPie.Core\MiniPie.Core.csproj", "{83442CC4-42E0-4A4B-8BB7-E913B0DCE77C}"
EndProject
Project("{FAE04EC0-301F-11D3-BF4B-00C04F79EFBC}") = "MiniPie.Tests", "MiniPie.Tests\MiniPie.Tests.csproj", "{F77FBCEE-0956-4794-99B5-E66811BA0AC5}"
EndProject
Project("{2150E333-8FDC-42A3-9474-1A3956D46DE8}") = "Solution Items", "Solution Items", "{F74BF7DE-DDED-4A28-BEB7-3873744AD7D6}"
	ProjectSection(SolutionItems) = preProject
		MiniPie.proj = MiniPie.proj
		README.md = README.md
	EndProjectSection
EndProject
Project("{262852C6-CD72-467D-83FE-5EEB1973A190}") = "MiniPie.Uwp", "MiniPie.Uwp\MiniPie.Uwp.jsproj", "{C8FE4511-5A0B-4821-B83E-4B823FDBC417}"
	ProjectSection(ProjectDependencies) = postProject
		{2D02C8B6-4A11-493F-8DF5-8441618A002F} = {2D02C8B6-4A11-493F-8DF5-8441618A002F}
	EndProjectSection
EndProject
Global
	GlobalSection(SolutionConfigurationPlatforms) = preSolution
		Debug|Any CPU = Debug|Any CPU
		Release|Any CPU = Release|Any CPU
		WindowsStoreRelease|Any CPU = WindowsStoreRelease|Any CPU
	EndGlobalSection
	GlobalSection(ProjectConfigurationPlatforms) = postSolution
		{2D02C8B6-4A11-493F-8DF5-8441618A002F}.Debug|Any CPU.ActiveCfg = Debug|Any CPU
		{2D02C8B6-4A11-493F-8DF5-8441618A002F}.Debug|Any CPU.Build.0 = Debug|Any CPU
		{2D02C8B6-4A11-493F-8DF5-8441618A002F}.Release|Any CPU.ActiveCfg = Release|Any CPU
		{2D02C8B6-4A11-493F-8DF5-8441618A002F}.Release|Any CPU.Build.0 = Release|Any CPU
		{2D02C8B6-4A11-493F-8DF5-8441618A002F}.WindowsStoreRelease|Any CPU.ActiveCfg = WindowsStoreRelease|Any CPU
		{2D02C8B6-4A11-493F-8DF5-8441618A002F}.WindowsStoreRelease|Any CPU.Build.0 = WindowsStoreRelease|Any CPU
		{83442CC4-42E0-4A4B-8BB7-E913B0DCE77C}.Debug|Any CPU.ActiveCfg = Debug|Any CPU
		{83442CC4-42E0-4A4B-8BB7-E913B0DCE77C}.Debug|Any CPU.Build.0 = Debug|Any CPU
		{83442CC4-42E0-4A4B-8BB7-E913B0DCE77C}.Release|Any CPU.ActiveCfg = Release|Any CPU
		{83442CC4-42E0-4A4B-8BB7-E913B0DCE77C}.Release|Any CPU.Build.0 = Release|Any CPU
		{83442CC4-42E0-4A4B-8BB7-E913B0DCE77C}.WindowsStoreRelease|Any CPU.ActiveCfg = WindowsStoreRelease|Any CPU
		{83442CC4-42E0-4A4B-8BB7-E913B0DCE77C}.WindowsStoreRelease|Any CPU.Build.0 = WindowsStoreRelease|Any CPU
		{F77FBCEE-0956-4794-99B5-E66811BA0AC5}.Debug|Any CPU.ActiveCfg = Debug|Any CPU
		{F77FBCEE-0956-4794-99B5-E66811BA0AC5}.Debug|Any CPU.Build.0 = Debug|Any CPU
		{F77FBCEE-0956-4794-99B5-E66811BA0AC5}.Release|Any CPU.ActiveCfg = Release|Any CPU
		{F77FBCEE-0956-4794-99B5-E66811BA0AC5}.Release|Any CPU.Build.0 = Release|Any CPU
		{F77FBCEE-0956-4794-99B5-E66811BA0AC5}.WindowsStoreRelease|Any CPU.ActiveCfg = WindowsStoreRelease|Any CPU
		{F77FBCEE-0956-4794-99B5-E66811BA0AC5}.WindowsStoreRelease|Any CPU.Build.0 = WindowsStoreRelease|Any CPU
		{C8FE4511-5A0B-4821-B83E-4B823FDBC417}.Debug|Any CPU.ActiveCfg = Debug|Any CPU
		{C8FE4511-5A0B-4821-B83E-4B823FDBC417}.Debug|Any CPU.Build.0 = Debug|Any CPU
		{C8FE4511-5A0B-4821-B83E-4B823FDBC417}.Debug|Any CPU.Deploy.0 = Debug|Any CPU
		{C8FE4511-5A0B-4821-B83E-4B823FDBC417}.Release|Any CPU.ActiveCfg = Release|Any CPU
		{C8FE4511-5A0B-4821-B83E-4B823FDBC417}.WindowsStoreRelease|Any CPU.ActiveCfg = WindowsStoreRelease|Any CPU
		{C8FE4511-5A0B-4821-B83E-4B823FDBC417}.WindowsStoreRelease|Any CPU.Build.0 = WindowsStoreRelease|Any CPU
		{C8FE4511-5A0B-4821-B83E-4B823FDBC417}.WindowsStoreRelease|Any CPU.Deploy.0 = WindowsStoreRelease|Any CPU
	EndGlobalSection
	GlobalSection(SolutionProperties) = preSolution
		HideSolutionNode = FALSE
	EndGlobalSection
	GlobalSection(ExtensibilityGlobals) = postSolution
		SolutionGuid = {168BCE7E-5F25-43FD-BC40-824BB4ED1084}
	EndGlobalSection
EndGlobal
